{
  "nodes": {
    "cligen": {
      "inputs": {
        "flakeNimbleLib": [
          "unimcli-master",
          "flakeNimbleLib"
        ],
        "nixpkgs": [
          "unimcli-master",
          "nixpkgs"
        ],
        "src-cligen-v1_5_31": "src-cligen-v1_5_31"
      },
      "locked": {
        "dir": "v1_5_31",
        "lastModified": 1667322200,
        "narHash": "sha256-bL0F1z4tRVaKmR6UQWv3Z+t3K6clWtSz17H33ByJqMM=",
        "owner": "nim-nix-pkgs",
        "repo": "cligen",
        "rev": "06804664e4ec0b0484337c406c2d87d9360701d3",
        "type": "github"
      },
      "original": {
        "dir": "v1_5_31",
        "owner": "nim-nix-pkgs",
        "ref": "master",
        "repo": "cligen",
        "type": "github"
      }
    },
    "flakeNimbleLib": {
      "inputs": {
        "nixpkgs": [
          "nixpkgs"
        ]
      },
      "locked": {
        "lastModified": 1662018438,
        "narHash": "sha256-QtNtU6+LX3Wokxf0zlFwKTFOcn6TeDjKQZ+DA9OYtvM=",
        "owner": "riinr",
        "repo": "nim-flakes-lib",
        "rev": "b1fe8340736e3a85d25c709ac3dfd82a55c03cbf",
        "type": "github"
      },
      "original": {
        "owner": "riinr",
        "ref": "master",
        "repo": "nim-flakes-lib",
        "type": "github"
      }
    },
    "nimble": {
      "inputs": {
        "flakeNimbleLib": [
          "unimcli-master",
          "flakeNimbleLib"
        ],
        "nixpkgs": [
          "unimcli-master",
          "nixpkgs"
        ],
        "src-nimble-v0_13_1": "src-nimble-v0_13_1"
      },
      "locked": {
        "dir": "v0_13_1",
        "lastModified": 1662254644,
        "narHash": "sha256-n6DqTvs21+o0dsuXPEPEJngnNCzRwQM5GtWBe57AiHo=",
        "owner": "nim-nix-pkgs",
        "repo": "nimble",
        "rev": "233e9fba9ac5751a548b86f45e8a6cdde35db4b0",
        "type": "github"
      },
      "original": {
        "dir": "v0_13_1",
        "owner": "nim-nix-pkgs",
        "ref": "master",
        "repo": "nimble",
        "type": "github"
      }
    },
    "nixpkgs": {
      "locked": {
        "lastModified": 1667144409,
        "narHash": "sha256-SS/yuF/0fktcP9kd+scRPPpaanDLm82Fv2beGmK0bVs=",
        "owner": "NixOS",
        "repo": "nixpkgs",
        "rev": "575bb5a4a0fac1347d7e0f9aae6f8ef8b8085b8c",
        "type": "github"
      },
      "original": {
        "id": "nixpkgs",
        "type": "indirect"
      }
    },
    "root": {
      "inputs": {
        "flakeNimbleLib": "flakeNimbleLib",
        "nixpkgs": "nixpkgs",
        "unimcli-master": "unimcli-master"
      }
    },
    "src-cligen-v1_5_31": {
      "flake": false,
      "locked": {
        "lastModified": 1667137650,
        "narHash": "sha256-n5owOEUTnXbYRwtdzEdVTucFuuGNSy7lRxsppOhu0uo=",
        "owner": "c-blake",
        "repo": "cligen",
        "rev": "57191ea4dcc5d48de735295b2d8a79fb3b501625",
        "type": "github"
      },
      "original": {
        "owner": "c-blake",
        "ref": "refs/tags/v1.5.31",
        "repo": "cligen",
        "type": "github"
      }
    },
    "src-nimble-v0_13_1": {
      "flake": false,
      "locked": {
        "lastModified": 1613746999,
        "narHash": "sha256-qJcDKnc+9iUvYrZCMUbBbws+Qqa9vmWyCRsvOUEmq8U=",
        "owner": "nim-lang",
        "repo": "nimble",
        "rev": "d13f3b8ce288b4dc8c34c219a4e050aaeaf43fc9",
        "type": "github"
      },
      "original": {
        "owner": "nim-lang",
        "ref": "refs/tags/v0.13.1",
        "repo": "nimble",
        "type": "github"
      }
    },
    "src-unimcli-master": {
      "flake": false,
      "locked": {
        "lastModified": 1608305998,
        "narHash": "sha256-hoYISjHa7SiCmWBEy3TBIFUj/s7Sr0lzkvBZQo9OmWA=",
        "owner": "unimorg",
        "repo": "unimcli",
        "rev": "069580d324cb524393203a6572214be7ba183df2",
        "type": "github"
      },
      "original": {
        "owner": "unimorg",
        "ref": "refs/heads/master",
        "repo": "unimcli",
        "type": "github"
      }
    },
    "unimcli-master": {
      "inputs": {
        "cligen": "cligen",
        "flakeNimbleLib": [
          "flakeNimbleLib"
        ],
        "nimble": "nimble",
        "nixpkgs": [
          "nixpkgs"
        ],
        "src-unimcli-master": "src-unimcli-master"
      },
      "locked": {
        "dir": "master",
        "lastModified": 1667311171,
        "narHash": "sha256-Ot2zeaIGw0o8BXkU7pSRYhzd/tIR4PsKhVNNqH8HO24=",
        "owner": "nim-nix-pkgs",
        "repo": "unimcli",
        "rev": "15f338ef39a31ec5b706e04dc048e77bc2d019b8",
        "type": "github"
      },
      "original": {
        "dir": "master",
        "owner": "nim-nix-pkgs",
        "ref": "master",
        "repo": "unimcli",
        "type": "github"
      }
    }
  },
  "root": "root",
  "version": 7
}
